
Microsoft Visual Studio Solution File, Format Version 12.00
# Visual Studio Version 17
VisualStudioVersion = 17.0.31903.59
MinimumVisualStudioVersion = 10.0.40219.1
Project("{FAE04EC0-301F-11D3-BF4B-00C04F79EFBC}") = "Scraper", "Scraper\Scraper.csproj", "{E6FCDB54-DFDA-4669-9F08-4D5CF94CDF36}"
EndProject
Project("{FAE04EC0-301F-11D3-BF4B-00C04F79EFBC}") = "Scraper.Tests", "Scraper.Tests\Scraper.Tests.csproj", "{A45D10D6-463A-4914-819E-DBE29F48CA1F}"
EndProject
Global
	GlobalSection(SolutionConfigurationPlatforms) = preSolution
		Debug|Any CPU = Debug|Any CPU
		Release|Any CPU = Release|Any CPU
	EndGlobalSection
	GlobalSection(SolutionProperties) = preSolution
		HideSolutionNode = FALSE
	EndGlobalSection
	GlobalSection(ProjectConfigurationPlatforms) = postSolution
		{E6FCDB54-DFDA-4669-9F08-4D5CF94CDF36}.Debug|Any CPU.ActiveCfg = Debug|Any CPU
		{E6FCDB54-DFDA-4669-9F08-4D5CF94CDF36}.Debug|Any CPU.Build.0 = Debug|Any CPU
		{E6FCDB54-DFDA-4669-9F08-4D5CF94CDF36}.Release|Any CPU.ActiveCfg = Release|Any CPU
		{E6FCDB54-DFDA-4669-9F08-4D5CF94CDF36}.Release|Any CPU.Build.0 = Release|Any CPU
		{A45D10D6-463A-4914-819E-DBE29F48CA1F}.Debug|Any CPU.ActiveCfg = Debug|Any CPU
		{A45D10D6-463A-4914-819E-DBE29F48CA1F}.Debug|Any CPU.Build.0 = Debug|Any CPU
		{A45D10D6-463A-4914-819E-DBE29F48CA1F}.Release|Any CPU.ActiveCfg = Release|Any CPU
		{A45D10D6-463A-4914-819E-DBE29F48CA1F}.Release|Any CPU.Build.0 = Release|Any CPU
	EndGlobalSection
EndGlobal
